// !$*UTF8*$!
{
	archiveVersion = 1;
	classes = {
	};
	objectVersion = 56;
	objects = {

/* Begin PBXBuildFile section */
		F1B2C3D4E5F6A1B2C3D40001 /* CodeEditorView.swift in Sources */ = {isa = PBXBuildFile; fileRef = F1B2C3D4E5F6A1B2C3D41001 /* CodeEditorView.swift */; };
		E3B2C3D4E5F6A1B2C3D40001 /* FileDetailView.swift in Sources */ = {isa = PBXBuildFile; fileRef = E3B2C3D4E5F6A1B2C3D41001 /* FileDetailView.swift */; };
		E2B2C3D4E5F6A1B2C3D40001 /* FileListView.swift in Sources */ = {isa = PBXBuildFile; fileRef = E2B2C3D4E5F6A1B2C3D41001 /* FileListView.swift */; };
		E2B2C3D4E5F6A1B2C3D40002 /* FileRowView.swift in Sources */ = {isa = PBXBuildFile; fileRef = E2B2C3D4E5F6A1B2C3D41002 /* FileRowView.swift */; };
		E1B2C3D4E5F6A1B2C3D40001 /* SidebarView.swift in Sources */ = {isa = PBXBuildFile; fileRef = E1B2C3D4E5F6A1B2C3D41001 /* SidebarView.swift */; };
		A1B2C3D4E5F6A1B2C3D40001 /* ClaudeShelfApp.swift in Sources */ = {isa = PBXBuildFile; fileRef = A1B2C3D4E5F6A1B2C3D41001 /* ClaudeShelfApp.swift */; };
		A1B2C3D4E5F6A1B2C3D40002 /* ContentView.swift in Sources */ = {isa = PBXBuildFile; fileRef = A1B2C3D4E5F6A1B2C3D41002 /* ContentView.swift */; };
		A1B2C3D4E5F6A1B2C3D40003 /* Assets.xcassets in Resources */ = {isa = PBXBuildFile; fileRef = A1B2C3D4E5F6A1B2C3D41003 /* Assets.xcassets */; };
		A1B2C3D4E5F6A1B2C3D40004 /* ClaudeShelfTests.swift in Sources */ = {isa = PBXBuildFile; fileRef = A1B2C3D4E5F6A1B2C3D41004 /* ClaudeShelfTests.swift */; };
		B1B2C3D4E5F6A1B2C3D40001 /* Category.swift in Sources */ = {isa = PBXBuildFile; fileRef = B1B2C3D4E5F6A1B2C3D41001 /* Category.swift */; };
		B1B2C3D4E5F6A1B2C3D40002 /* Scope.swift in Sources */ = {isa = PBXBuildFile; fileRef = B1B2C3D4E5F6A1B2C3D41002 /* Scope.swift */; };
		B1B2C3D4E5F6A1B2C3D40003 /* FileEntry.swift in Sources */ = {isa = PBXBuildFile; fileRef = B1B2C3D4E5F6A1B2C3D41003 /* FileEntry.swift */; };
		B1B2C3D4E5F6A1B2C3D40004 /* ScanLocation.swift in Sources */ = {isa = PBXBuildFile; fileRef = B1B2C3D4E5F6A1B2C3D41004 /* ScanLocation.swift */; };
		B1B2C3D4E5F6A1B2C3D40005 /* ScanResult.swift in Sources */ = {isa = PBXBuildFile; fileRef = B1B2C3D4E5F6A1B2C3D41005 /* ScanResult.swift */; };
		B1B2C3D4E5F6A1B2C3D40006 /* CleanupItem.swift in Sources */ = {isa = PBXBuildFile; fileRef = B1B2C3D4E5F6A1B2C3D41006 /* CleanupItem.swift */; };
		B1B2C3D4E5F6A1B2C3D40007 /* AppState.swift in Sources */ = {isa = PBXBuildFile; fileRef = B1B2C3D4E5F6A1B2C3D41007 /* AppState.swift */; };
		C1B2C3D4E5F6A1B2C3D40001 /* FileScanner.swift in Sources */ = {isa = PBXBuildFile; fileRef = C1B2C3D4E5F6A1B2C3D41001 /* FileScanner.swift */; };
		C1B2C3D4E5F6A1B2C3D40002 /* PathDecoder.swift in Sources */ = {isa = PBXBuildFile; fileRef = C1B2C3D4E5F6A1B2C3D41002 /* PathDecoder.swift */; };
		C2B2C3D4E5F6A1B2C3D40001 /* CategoryAssigner.swift in Sources */ = {isa = PBXBuildFile; fileRef = C2B2C3D4E5F6A1B2C3D41001 /* CategoryAssigner.swift */; };
		D1B2C3D4E5F6A1B2C3D40001 /* CategoryAssignerTests.swift in Sources */ = {isa = PBXBuildFile; fileRef = D1B2C3D4E5F6A1B2C3D41001 /* CategoryAssignerTests.swift */; };
		D1B2C3D4E5F6A1B2C3D40002 /* PathDecoderTests.swift in Sources */ = {isa = PBXBuildFile; fileRef = D1B2C3D4E5F6A1B2C3D41002 /* PathDecoderTests.swift */; };
		D1B2C3D4E5F6A1B2C3D40003 /* FileEntryTests.swift in Sources */ = {isa = PBXBuildFile; fileRef = D1B2C3D4E5F6A1B2C3D41003 /* FileEntryTests.swift */; };
/* End PBXBuildFile section */

/* Begin PBXContainerItemProxy section */
		A1B2C3D4E5F6A1B2C3D42001 /* PBXContainerItemProxy */ = {
			isa = PBXContainerItemProxy;
			containerPortal = A1B2C3D4E5F6A1B2C3D4F001 /* Project object */;
			proxyType = 1;
			remoteGlobalIDString = A1B2C3D4E5F6A1B2C3D43001;
			remoteInfo = ClaudeShelf;
		};
/* End PBXContainerItemProxy section */

/* Begin PBXFileReference section */
		F1B2C3D4E5F6A1B2C3D41001 /* CodeEditorView.swift */ = {isa = PBXFileReference; lastKnownFileType = sourcecode.swift; path = CodeEditorView.swift; sourceTree = "<group>"; };
		E3B2C3D4E5F6A1B2C3D41001 /* FileDetailView.swift */ = {isa = PBXFileReference; lastKnownFileType = sourcecode.swift; path = FileDetailView.swift; sourceTree = "<group>"; };
		E2B2C3D4E5F6A1B2C3D41001 /* FileListView.swift */ = {isa = PBXFileReference; lastKnownFileType = sourcecode.swift; path = FileListView.swift; sourceTree = "<group>"; };
		E2B2C3D4E5F6A1B2C3D41002 /* FileRowView.swift */ = {isa = PBXFileReference; lastKnownFileType = sourcecode.swift; path = FileRowView.swift; sourceTree = "<group>"; };
		E1B2C3D4E5F6A1B2C3D41001 /* SidebarView.swift */ = {isa = PBXFileReference; lastKnownFileType = sourcecode.swift; path = SidebarView.swift; sourceTree = "<group>"; };
		A1B2C3D4E5F6A1B2C3D41001 /* ClaudeShelfApp.swift */ = {isa = PBXFileReference; lastKnownFileType = sourcecode.swift; path = ClaudeShelfApp.swift; sourceTree = "<group>"; };
		A1B2C3D4E5F6A1B2C3D41002 /* ContentView.swift */ = {isa = PBXFileReference; lastKnownFileType = sourcecode.swift; path = ContentView.swift; sourceTree = "<group>"; };
		A1B2C3D4E5F6A1B2C3D41003 /* Assets.xcassets */ = {isa = PBXFileReference; lastKnownFileType = folder.assetcatalog; path = Assets.xcassets; sourceTree = "<group>"; };
		A1B2C3D4E5F6A1B2C3D41004 /* ClaudeShelfTests.swift */ = {isa = PBXFileReference; lastKnownFileType = sourcecode.swift; path = ClaudeShelfTests.swift; sourceTree = "<group>"; };
		A1B2C3D4E5F6A1B2C3D41005 /* Info.plist */ = {isa = PBXFileReference; lastKnownFileType = text.plist.xml; path = Info.plist; sourceTree = "<group>"; };
		A1B2C3D4E5F6A1B2C3D41006 /* ClaudeShelf.entitlements */ = {isa = PBXFileReference; lastKnownFileType = text.plist.entitlements; path = ClaudeShelf.entitlements; sourceTree = "<group>"; };
		A1B2C3D4E5F6A1B2C3D4A001 /* ClaudeShelf.app */ = {isa = PBXFileReference; explicitFileType = wrapper.application; includeInIndex = 0; path = ClaudeShelf.app; sourceTree = BUILT_PRODUCTS_DIR; };
		A1B2C3D4E5F6A1B2C3D4A002 /* ClaudeShelfTests.xctest */ = {isa = PBXFileReference; explicitFileType = wrapper.cfbundle; includeInIndex = 0; path = ClaudeShelfTests.xctest; sourceTree = BUILT_PRODUCTS_DIR; };
		B1B2C3D4E5F6A1B2C3D41001 /* Category.swift */ = {isa = PBXFileReference; lastKnownFileType = sourcecode.swift; path = Category.swift; sourceTree = "<group>"; };
		B1B2C3D4E5F6A1B2C3D41002 /* Scope.swift */ = {isa = PBXFileReference; lastKnownFileType = sourcecode.swift; path = Scope.swift; sourceTree = "<group>"; };
		B1B2C3D4E5F6A1B2C3D41003 /* FileEntry.swift */ = {isa = PBXFileReference; lastKnownFileType = sourcecode.swift; path = FileEntry.swift; sourceTree = "<group>"; };
		B1B2C3D4E5F6A1B2C3D41004 /* ScanLocation.swift */ = {isa = PBXFileReference; lastKnownFileType = sourcecode.swift; path = ScanLocation.swift; sourceTree = "<group>"; };
		B1B2C3D4E5F6A1B2C3D41005 /* ScanResult.swift */ = {isa = PBXFileReference; lastKnownFileType = sourcecode.swift; path = ScanResult.swift; sourceTree = "<group>"; };
		B1B2C3D4E5F6A1B2C3D41006 /* CleanupItem.swift */ = {isa = PBXFileReference; lastKnownFileType = sourcecode.swift; path = CleanupItem.swift; sourceTree = "<group>"; };
		B1B2C3D4E5F6A1B2C3D41007 /* AppState.swift */ = {isa = PBXFileReference; lastKnownFileType = sourcecode.swift; path = AppState.swift; sourceTree = "<group>"; };
		C1B2C3D4E5F6A1B2C3D41001 /* FileScanner.swift */ = {isa = PBXFileReference; lastKnownFileType = sourcecode.swift; path = FileScanner.swift; sourceTree = "<group>"; };
		C1B2C3D4E5F6A1B2C3D41002 /* PathDecoder.swift */ = {isa = PBXFileReference; lastKnownFileType = sourcecode.swift; path = PathDecoder.swift; sourceTree = "<group>"; };
		C2B2C3D4E5F6A1B2C3D41001 /* CategoryAssigner.swift */ = {isa = PBXFileReference; lastKnownFileType = sourcecode.swift; path = CategoryAssigner.swift; sourceTree = "<group>"; };
		D1B2C3D4E5F6A1B2C3D41001 /* CategoryAssignerTests.swift */ = {isa = PBXFileReference; lastKnownFileType = sourcecode.swift; path = CategoryAssignerTests.swift; sourceTree = "<group>"; };
		D1B2C3D4E5F6A1B2C3D41002 /* PathDecoderTests.swift */ = {isa = PBXFileReference; lastKnownFileType = sourcecode.swift; path = PathDecoderTests.swift; sourceTree = "<group>"; };
		D1B2C3D4E5F6A1B2C3D41003 /* FileEntryTests.swift */ = {isa = PBXFileReference; lastKnownFileType = sourcecode.swift; path = FileEntryTests.swift; sourceTree = "<group>"; };
/* End PBXFileReference section */

/* Begin PBXFrameworksBuildPhase section */
		A1B2C3D4E5F6A1B2C3D44001 /* Frameworks */ = {
			isa = PBXFrameworksBuildPhase;
			buildActionMask = 2147483647;
			files = (
			);
			runOnlyForDeploymentPostprocessing = 0;
		};
		A1B2C3D4E5F6A1B2C3D44002 /* Frameworks */ = {
			isa = PBXFrameworksBuildPhase;
			buildActionMask = 2147483647;
			files = (
			);
			runOnlyForDeploymentPostprocessing = 0;
		};
/* End PBXFrameworksBuildPhase section */

/* Begin PBXGroup section */
		A1B2C3D4E5F6A1B2C3D45001 = {
			isa = PBXGroup;
			children = (
				A1B2C3D4E5F6A1B2C3D45002 /* ClaudeShelf */,
				A1B2C3D4E5F6A1B2C3D45010 /* ClaudeShelfTests */,
				A1B2C3D4E5F6A1B2C3D45099 /* Products */,
			);
			sourceTree = "<group>";
		};
		A1B2C3D4E5F6A1B2C3D45002 /* ClaudeShelf */ = {
			isa = PBXGroup;
			children = (
				A1B2C3D4E5F6A1B2C3D45003 /* App */,
				A1B2C3D4E5F6A1B2C3D45004 /* Models */,
				A1B2C3D4E5F6A1B2C3D45005 /* Services */,
				A1B2C3D4E5F6A1B2C3D45006 /* Views */,
				A1B2C3D4E5F6A1B2C3D45009 /* Utilities */,
				A1B2C3D4E5F6A1B2C3D45020 /* Resources */,
				A1B2C3D4E5F6A1B2C3D41005 /* Info.plist */,
				A1B2C3D4E5F6A1B2C3D41006 /* ClaudeShelf.entitlements */,
			);
			path = ClaudeShelf;
			sourceTree = "<group>";
		};
		A1B2C3D4E5F6A1B2C3D45003 /* App */ = {
			isa = PBXGroup;
			children = (
				A1B2C3D4E5F6A1B2C3D41001 /* ClaudeShelfApp.swift */,
				B1B2C3D4E5F6A1B2C3D41007 /* AppState.swift */,
				A1B2C3D4E5F6A1B2C3D41002 /* ContentView.swift */,
			);
			path = App;
			sourceTree = "<group>";
		};
		A1B2C3D4E5F6A1B2C3D45004 /* Models */ = {
			isa = PBXGroup;
			children = (
				B1B2C3D4E5F6A1B2C3D41001 /* Category.swift */,
				B1B2C3D4E5F6A1B2C3D41002 /* Scope.swift */,
				B1B2C3D4E5F6A1B2C3D41003 /* FileEntry.swift */,
				B1B2C3D4E5F6A1B2C3D41004 /* ScanLocation.swift */,
				B1B2C3D4E5F6A1B2C3D41005 /* ScanResult.swift */,
				B1B2C3D4E5F6A1B2C3D41006 /* CleanupItem.swift */,
			);
			path = Models;
			sourceTree = "<group>";
		};
		A1B2C3D4E5F6A1B2C3D45005 /* Services */ = {
			isa = PBXGroup;
			children = (
				C2B2C3D4E5F6A1B2C3D41001 /* CategoryAssigner.swift */,
				C1B2C3D4E5F6A1B2C3D41001 /* FileScanner.swift */,
			);
			path = Services;
			sourceTree = "<group>";
		};
		A1B2C3D4E5F6A1B2C3D45006 /* Views */ = {
			isa = PBXGroup;
			children = (
				A1B2C3D4E5F6A1B2C3D45030 /* Sidebar */,
				A1B2C3D4E5F6A1B2C3D45031 /* Editor */,
				A1B2C3D4E5F6A1B2C3D45032 /* Cleanup */,
				A1B2C3D4E5F6A1B2C3D45033 /* Components */,
			);
			path = Views;
			sourceTree = "<group>";
		};
		A1B2C3D4E5F6A1B2C3D45030 /* Sidebar */ = {
			isa = PBXGroup;
			children = (
				E2B2C3D4E5F6A1B2C3D41001 /* FileListView.swift */,
				E2B2C3D4E5F6A1B2C3D41002 /* FileRowView.swift */,
				E1B2C3D4E5F6A1B2C3D41001 /* SidebarView.swift */,
			);
			path = Sidebar;
			sourceTree = "<group>";
		};
		A1B2C3D4E5F6A1B2C3D45031 /* Editor */ = {
			isa = PBXGroup;
			children = (
				F1B2C3D4E5F6A1B2C3D41001 /* CodeEditorView.swift */,
				E3B2C3D4E5F6A1B2C3D41001 /* FileDetailView.swift */,
			);
			path = Editor;
			sourceTree = "<group>";
		};
		A1B2C3D4E5F6A1B2C3D45032 /* Cleanup */ = {
			isa = PBXGroup;
			children = (
			);
			path = Cleanup;
			sourceTree = "<group>";
		};
		A1B2C3D4E5F6A1B2C3D45033 /* Components */ = {
			isa = PBXGroup;
			children = (
			);
			path = Components;
			sourceTree = "<group>";
		};
		A1B2C3D4E5F6A1B2C3D45009 /* Utilities */ = {
			isa = PBXGroup;
			children = (
				C1B2C3D4E5F6A1B2C3D41002 /* PathDecoder.swift */,
			);
			path = Utilities;
			sourceTree = "<group>";
		};
		A1B2C3D4E5F6A1B2C3D45020 /* Resources */ = {
			isa = PBXGroup;
			children = (
				A1B2C3D4E5F6A1B2C3D41003 /* Assets.xcassets */,
			);
			path = Resources;
			sourceTree = "<group>";
		};
		A1B2C3D4E5F6A1B2C3D45010 /* ClaudeShelfTests */ = {
			isa = PBXGroup;
			children = (
				A1B2C3D4E5F6A1B2C3D41004 /* ClaudeShelfTests.swift */,
				D1B2C3D4E5F6A1B2C3D41001 /* CategoryAssignerTests.swift */,
				D1B2C3D4E5F6A1B2C3D41002 /* PathDecoderTests.swift */,
				D1B2C3D4E5F6A1B2C3D41003 /* FileEntryTests.swift */,
			);
			path = ClaudeShelfTests;
			sourceTree = "<group>";
		};
		A1B2C3D4E5F6A1B2C3D45099 /* Products */ = {
			isa = PBXGroup;
			children = (
				A1B2C3D4E5F6A1B2C3D4A001 /* ClaudeShelf.app */,
				A1B2C3D4E5F6A1B2C3D4A002 /* ClaudeShelfTests.xctest */,
			);
			name = Products;
			sourceTree = "<group>";
		};
/* End PBXGroup section */

/* Begin PBXNativeTarget section */
		A1B2C3D4E5F6A1B2C3D43001 /* ClaudeShelf */ = {
			isa = PBXNativeTarget;
			buildConfigurationList = A1B2C3D4E5F6A1B2C3D47001;
			buildPhases = (
				A1B2C3D4E5F6A1B2C3D46001 /* Sources */,
				A1B2C3D4E5F6A1B2C3D44001 /* Frameworks */,
				A1B2C3D4E5F6A1B2C3D46003 /* Resources */,
			);
			buildRules = (
			);
			dependencies = (
			);
			name = ClaudeShelf;
			productName = ClaudeShelf;
			productReference = A1B2C3D4E5F6A1B2C3D4A001 /* ClaudeShelf.app */;
			productType = "com.apple.product-type.application";
		};
		A1B2C3D4E5F6A1B2C3D43002 /* ClaudeShelfTests */ = {
			isa = PBXNativeTarget;
			buildConfigurationList = A1B2C3D4E5F6A1B2C3D47002;
			buildPhases = (
				A1B2C3D4E5F6A1B2C3D46002 /* Sources */,
				A1B2C3D4E5F6A1B2C3D44002 /* Frameworks */,
			);
			buildRules = (
			);
			dependencies = (
				A1B2C3D4E5F6A1B2C3D48001 /* PBXTargetDependency */,
			);
			name = ClaudeShelfTests;
			productName = ClaudeShelfTests;
			productReference = A1B2C3D4E5F6A1B2C3D4A002 /* ClaudeShelfTests.xctest */;
			productType = "com.apple.product-type.bundle.unit-test";
		};
/* End PBXNativeTarget section */

/* Begin PBXProject section */
		A1B2C3D4E5F6A1B2C3D4F001 /* Project object */ = {
			isa = PBXProject;
			attributes = {
				BuildIndependentTargetsInParallel = 1;
				LastSwiftUpdateCheck = 1600;
				LastUpgradeCheck = 1600;
				TargetAttributes = {
					A1B2C3D4E5F6A1B2C3D43001 = {
						CreatedOnToolsVersion = 16.0;
					};
					A1B2C3D4E5F6A1B2C3D43002 = {
						CreatedOnToolsVersion = 16.0;
						TestTargetID = A1B2C3D4E5F6A1B2C3D43001;
					};
				};
			};
			buildConfigurationList = A1B2C3D4E5F6A1B2C3D47003;
			compatibilityVersion = "Xcode 14.0";
			developmentRegion = en;
			hasScannedForEncodings = 0;
			knownRegions = (
				en,
				Base,
			);
			mainGroup = A1B2C3D4E5F6A1B2C3D45001;
			productRefGroup = A1B2C3D4E5F6A1B2C3D45099 /* Products */;
			projectDirPath = "";
			projectRoot = "";
			targets = (
				A1B2C3D4E5F6A1B2C3D43001 /* ClaudeShelf */,
				A1B2C3D4E5F6A1B2C3D43002 /* ClaudeShelfTests */,
			);
		};
/* End PBXProject section */

/* Begin PBXResourcesBuildPhase section */
		A1B2C3D4E5F6A1B2C3D46003 /* Resources */ = {
			isa = PBXResourcesBuildPhase;
			buildActionMask = 2147483647;
			files = (
				A1B2C3D4E5F6A1B2C3D40003 /* Assets.xcassets in Resources */,
			);
			runOnlyForDeploymentPostprocessing = 0;
		};
/* End PBXResourcesBuildPhase section */

/* Begin PBXSourcesBuildPhase section */
		A1B2C3D4E5F6A1B2C3D46001 /* Sources */ = {
			isa = PBXSourcesBuildPhase;
			buildActionMask = 2147483647;
			files = (
				A1B2C3D4E5F6A1B2C3D40001 /* ClaudeShelfApp.swift in Sources */,
				A1B2C3D4E5F6A1B2C3D40002 /* ContentView.swift in Sources */,
				B1B2C3D4E5F6A1B2C3D40001 /* Category.swift in Sources */,
				B1B2C3D4E5F6A1B2C3D40002 /* Scope.swift in Sources */,
				B1B2C3D4E5F6A1B2C3D40003 /* FileEntry.swift in Sources */,
				B1B2C3D4E5F6A1B2C3D40004 /* ScanLocation.swift in Sources */,
				B1B2C3D4E5F6A1B2C3D40005 /* ScanResult.swift in Sources */,
				B1B2C3D4E5F6A1B2C3D40006 /* CleanupItem.swift in Sources */,
				B1B2C3D4E5F6A1B2C3D40007 /* AppState.swift in Sources */,
				C1B2C3D4E5F6A1B2C3D40001 /* FileScanner.swift in Sources */,
				C1B2C3D4E5F6A1B2C3D40002 /* PathDecoder.swift in Sources */,
				C2B2C3D4E5F6A1B2C3D40001 /* CategoryAssigner.swift in Sources */,
				E1B2C3D4E5F6A1B2C3D40001 /* SidebarView.swift in Sources */,
				E2B2C3D4E5F6A1B2C3D40001 /* FileListView.swift in Sources */,
				E2B2C3D4E5F6A1B2C3D40002 /* FileRowView.swift in Sources */,
				E3B2C3D4E5F6A1B2C3D40001 /* FileDetailView.swift in Sources */,
				F1B2C3D4E5F6A1B2C3D40001 /* CodeEditorView.swift in Sources */,
			);
			runOnlyForDeploymentPostprocessing = 0;
		};
		A1B2C3D4E5F6A1B2C3D46002 /* Sources */ = {
			isa = PBXSourcesBuildPhase;
			buildActionMask = 2147483647;
			files = (
				A1B2C3D4E5F6A1B2C3D40004 /* ClaudeShelfTests.swift in Sources */,
				D1B2C3D4E5F6A1B2C3D40001 /* CategoryAssignerTests.swift in Sources */,
				D1B2C3D4E5F6A1B2C3D40002 /* PathDecoderTests.swift in Sources */,
				D1B2C3D4E5F6A1B2C3D40003 /* FileEntryTests.swift in Sources */,
			);
			runOnlyForDeploymentPostprocessing = 0;
		};
/* End PBXSourcesBuildPhase section */

/* Begin PBXTargetDependency section */
		A1B2C3D4E5F6A1B2C3D48001 /* PBXTargetDependency */ = {
			isa = PBXTargetDependency;
			target = A1B2C3D4E5F6A1B2C3D43001 /* ClaudeShelf */;
			targetProxy = A1B2C3D4E5F6A1B2C3D42001 /* PBXContainerItemProxy */;
		};
/* End PBXTargetDependency section */

/* Begin XCBuildConfiguration section */
		A1B2C3D4E5F6A1B2C3D49001 /* Debug */ = {
			isa = XCBuildConfiguration;
			buildSettings = {
				ALWAYS_SEARCH_USER_PATHS = NO;
				ASSETCATALOG_COMPILER_GENERATE_SWIFT_ASSET_SYMBOL_EXTENSIONS = YES;
				CLANG_ANALYZER_NONNULL = YES;
				CLANG_ANALYZER_NUMBER_OBJECT_CONVERSION = YES_AGGRESSIVE;
				CLANG_CXX_LANGUAGE_STANDARD = "gnu++20";
				CLANG_ENABLE_MODULES = YES;
				CLANG_ENABLE_OBJC_ARC = YES;
				CLANG_ENABLE_OBJC_WEAK = YES;
				CLANG_WARN_BLOCK_CAPTURE_AUTORELEASING = YES;
				CLANG_WARN_BOOL_CONVERSION = YES;
				CLANG_WARN_COMMA = YES;
				CLANG_WARN_CONSTANT_CONVERSION = YES;
				CLANG_WARN_DEPRECATED_OBJC_IMPLEMENTATIONS = YES;
				CLANG_WARN_DIRECT_OBJC_ISA_USAGE = YES_ERROR;
				CLANG_WARN_DOCUMENTATION_COMMENTS = YES;
				CLANG_WARN_EMPTY_BODY = YES;
				CLANG_WARN_ENUM_CONVERSION = YES;
				CLANG_WARN_INFINITE_RECURSION = YES;
				CLANG_WARN_INT_CONVERSION = YES;
				CLANG_WARN_NON_LITERAL_NULL_CONVERSION = YES;
				CLANG_WARN_OBJC_IMPLICIT_RETAIN_SELF = YES;
				CLANG_WARN_OBJC_LITERAL_CONVERSION = YES;
				CLANG_WARN_OBJC_ROOT_CLASS = YES_ERROR;
				CLANG_WARN_QUOTED_INCLUDE_IN_FRAMEWORK_HEADER = YES;
				CLANG_WARN_RANGE_LOOP_ANALYSIS = YES;
				CLANG_WARN_STRICT_PROTOTYPES = YES;
				CLANG_WARN_SUSPICIOUS_MOVE = YES;
				CLANG_WARN_UNGUARDED_AVAILABILITY = YES_AGGRESSIVE;
				CLANG_WARN_UNREACHABLE_CODE = YES;
				CLANG_WARN__DUPLICATE_METHOD_MATCH = YES;
				COPY_PHASE_STRIP = NO;
				DEBUG_INFORMATION_FORMAT = dwarf;
				ENABLE_STRICT_OBJC_MSGSEND = YES;
				ENABLE_TESTABILITY = YES;
				ENABLE_USER_SCRIPT_SANDBOXING = YES;
				GCC_C_LANGUAGE_STANDARD = gnu17;
				GCC_DYNAMIC_NO_PIC = NO;
				GCC_NO_COMMON_BLOCKS = YES;
				GCC_OPTIMIZATION_LEVEL = 0;
				GCC_PREPROCESSOR_DEFINITIONS = (
					"DEBUG=1",
					"$(inherited)",
				);
				GCC_WARN_64_TO_32_BIT_CONVERSION = YES;
				GCC_WARN_ABOUT_RETURN_TYPE = YES_ERROR;
				GCC_WARN_UNDECLARED_SELECTOR = YES;
				GCC_WARN_UNINITIALIZED_AUTOS = YES_AGGRESSIVE;
				GCC_WARN_UNUSED_FUNCTION = YES;
				GCC_WARN_UNUSED_VARIABLE = YES;
				MACOSX_DEPLOYMENT_TARGET = 15.0;
				MTL_ENABLE_DEBUG_INFO = INCLUDE_SOURCE;
				MTL_FAST_MATH = YES;
				ONLY_ACTIVE_ARCH = YES;
				SDKROOT = macosx;
				SWIFT_ACTIVE_COMPILATION_CONDITIONS = "$(inherited) DEBUG";
				SWIFT_OPTIMIZATION_LEVEL = "-Onone";
				SWIFT_STRICT_CONCURRENCY = complete;
				SWIFT_VERSION = 6.0;
			};
			name = Debug;
		};
		A1B2C3D4E5F6A1B2C3D49002 /* Release */ = {
			isa = XCBuildConfiguration;
			buildSettings = {
				ALWAYS_SEARCH_USER_PATHS = NO;
				ASSETCATALOG_COMPILER_GENERATE_SWIFT_ASSET_SYMBOL_EXTENSIONS = YES;
				CLANG_ANALYZER_NONNULL = YES;
				CLANG_ANALYZER_NUMBER_OBJECT_CONVERSION = YES_AGGRESSIVE;
				CLANG_CXX_LANGUAGE_STANDARD = "gnu++20";
				CLANG_ENABLE_MODULES = YES;
				CLANG_ENABLE_OBJC_ARC = YES;
				CLANG_ENABLE_OBJC_WEAK = YES;
				CLANG_WARN_BLOCK_CAPTURE_AUTORELEASING = YES;
				CLANG_WARN_BOOL_CONVERSION = YES;
				CLANG_WARN_COMMA = YES;
				CLANG_WARN_CONSTANT_CONVERSION = YES;
				CLANG_WARN_DEPRECATED_OBJC_IMPLEMENTATIONS = YES;
				CLANG_WARN_DIRECT_OBJC_ISA_USAGE = YES_ERROR;
				CLANG_WARN_DOCUMENTATION_COMMENTS = YES;
				CLANG_WARN_EMPTY_BODY = YES;
				CLANG_WARN_ENUM_CONVERSION = YES;
				CLANG_WARN_INFINITE_RECURSION = YES;
				CLANG_WARN_INT_CONVERSION = YES;
				CLANG_WARN_NON_LITERAL_NULL_CONVERSION = YES;
				CLANG_WARN_OBJC_IMPLICIT_RETAIN_SELF = YES;
				CLANG_WARN_OBJC_LITERAL_CONVERSION = YES;
				CLANG_WARN_OBJC_ROOT_CLASS = YES_ERROR;
				CLANG_WARN_QUOTED_INCLUDE_IN_FRAMEWORK_HEADER = YES;
				CLANG_WARN_RANGE_LOOP_ANALYSIS = YES;
				CLANG_WARN_STRICT_PROTOTYPES = YES;
				CLANG_WARN_SUSPICIOUS_MOVE = YES;
				CLANG_WARN_UNGUARDED_AVAILABILITY = YES_AGGRESSIVE;
				CLANG_WARN_UNREACHABLE_CODE = YES;
				CLANG_WARN__DUPLICATE_METHOD_MATCH = YES;
				COPY_PHASE_STRIP = NO;
				DEBUG_INFORMATION_FORMAT = "dwarf-with-dsym";
				ENABLE_NS_ASSERTIONS = NO;
				ENABLE_STRICT_OBJC_MSGSEND = YES;
				ENABLE_USER_SCRIPT_SANDBOXING = YES;
				GCC_C_LANGUAGE_STANDARD = gnu17;
				GCC_NO_COMMON_BLOCKS = YES;
				GCC_WARN_64_TO_32_BIT_CONVERSION = YES;
				GCC_WARN_ABOUT_RETURN_TYPE = YES_ERROR;
				GCC_WARN_UNDECLARED_SELECTOR = YES;
				GCC_WARN_UNINITIALIZED_AUTOS = YES_AGGRESSIVE;
				GCC_WARN_UNUSED_FUNCTION = YES;
				GCC_WARN_UNUSED_VARIABLE = YES;
				MACOSX_DEPLOYMENT_TARGET = 15.0;
				MTL_FAST_MATH = YES;
				SDKROOT = macosx;
				SWIFT_COMPILATION_MODE = wholemodule;
				SWIFT_STRICT_CONCURRENCY = complete;
				SWIFT_VERSION = 6.0;
			};
			name = Release;
		};
		A1B2C3D4E5F6A1B2C3D49003 /* Debug */ = {
			isa = XCBuildConfiguration;
			buildSettings = {
				ASSETCATALOG_COMPILER_APPICON_NAME = AppIcon;
				ASSETCATALOG_COMPILER_GLOBAL_ACCENT_COLOR_NAME = AccentColor;
				CODE_SIGN_ENTITLEMENTS = ClaudeShelf/ClaudeShelf.entitlements;
				CODE_SIGN_STYLE = Automatic;
				COMBINE_HIDPI_IMAGES = YES;
				CURRENT_PROJECT_VERSION = 1;
				DEVELOPMENT_ASSET_PATHS = "";
				ENABLE_PREVIEWS = YES;
				GENERATE_INFOPLIST_FILE = YES;
				INFOPLIST_FILE = ClaudeShelf/Info.plist;
				INFOPLIST_KEY_LSApplicationCategoryType = "public.app-category.developer-tools";
				INFOPLIST_KEY_NSHumanReadableCopyright = "";
				LD_RUNPATH_SEARCH_PATHS = (
					"$(inherited)",
					"@executable_path/../Frameworks",
				);
				MARKETING_VERSION = 1.0;
				PRODUCT_BUNDLE_IDENTIFIER = com.claudeshelf.app;
				PRODUCT_NAME = "$(TARGET_NAME)";
				SWIFT_EMIT_LOC_STRINGS = YES;
				SWIFT_VERSION = 6.0;
			};
			name = Debug;
		};
		A1B2C3D4E5F6A1B2C3D49004 /* Release */ = {
			isa = XCBuildConfiguration;
			buildSettings = {
				ASSETCATALOG_COMPILER_APPICON_NAME = AppIcon;
				ASSETCATALOG_COMPILER_GLOBAL_ACCENT_COLOR_NAME = AccentColor;
				CODE_SIGN_ENTITLEMENTS = ClaudeShelf/ClaudeShelf.entitlements;
				CODE_SIGN_STYLE = Automatic;
				COMBINE_HIDPI_IMAGES = YES;
				CURRENT_PROJECT_VERSION = 1;
				DEVELOPMENT_ASSET_PATHS = "";
				ENABLE_PREVIEWS = YES;
				GENERATE_INFOPLIST_FILE = YES;
				INFOPLIST_FILE = ClaudeShelf/Info.plist;
				INFOPLIST_KEY_LSApplicationCategoryType = "public.app-category.developer-tools";
				INFOPLIST_KEY_NSHumanReadableCopyright = "";
				LD_RUNPATH_SEARCH_PATHS = (
					"$(inherited)",
					"@executable_path/../Frameworks",
				);
				MARKETING_VERSION = 1.0;
				PRODUCT_BUNDLE_IDENTIFIER = com.claudeshelf.app;
				PRODUCT_NAME = "$(TARGET_NAME)";
				SWIFT_EMIT_LOC_STRINGS = YES;
				SWIFT_VERSION = 6.0;
			};
			name = Release;
		};
		A1B2C3D4E5F6A1B2C3D49005 /* Debug */ = {
			isa = XCBuildConfiguration;
			buildSettings = {
				BUNDLE_LOADER = "$(TEST_HOST)";
				CODE_SIGN_STYLE = Automatic;
				CURRENT_PROJECT_VERSION = 1;
				GENERATE_INFOPLIST_FILE = YES;
				MARKETING_VERSION = 1.0;
				PRODUCT_BUNDLE_IDENTIFIER = com.claudeshelf.app.tests;
				PRODUCT_NAME = "$(TARGET_NAME)";
				SWIFT_EMIT_LOC_STRINGS = NO;
				SWIFT_VERSION = 6.0;
				TEST_HOST = "$(BUILT_PRODUCTS_DIR)/ClaudeShelf.app/Contents/MacOS/ClaudeShelf";
			};
			name = Debug;
		};
		A1B2C3D4E5F6A1B2C3D49006 /* Release */ = {
			isa = XCBuildConfiguration;
			buildSettings = {
				BUNDLE_LOADER = "$(TEST_HOST)";
				CODE_SIGN_STYLE = Automatic;
				CURRENT_PROJECT_VERSION = 1;
				GENERATE_INFOPLIST_FILE = YES;
				MARKETING_VERSION = 1.0;
				PRODUCT_BUNDLE_IDENTIFIER = com.claudeshelf.app.tests;
				PRODUCT_NAME = "$(TARGET_NAME)";
				SWIFT_EMIT_LOC_STRINGS = NO;
				SWIFT_VERSION = 6.0;
				TEST_HOST = "$(BUILT_PRODUCTS_DIR)/ClaudeShelf.app/Contents/MacOS/ClaudeShelf";
			};
			name = Release;
		};
/* End XCBuildConfiguration section */

/* Begin XCConfigurationList section */
		A1B2C3D4E5F6A1B2C3D47001 /* Build configuration list for PBXNativeTarget "ClaudeShelf" */ = {
			isa = XCConfigurationList;
			buildConfigurations = (
				A1B2C3D4E5F6A1B2C3D49003 /* Debug */,
				A1B2C3D4E5F6A1B2C3D49004 /* Release */,
			);
			defaultConfigurationIsVisible = 0;
			defaultConfigurationName = Release;
		};
		A1B2C3D4E5F6A1B2C3D47002 /* Build configuration list for PBXNativeTarget "ClaudeShelfTests" */ = {
			isa = XCConfigurationList;
			buildConfigurations = (
				A1B2C3D4E5F6A1B2C3D49005 /* Debug */,
				A1B2C3D4E5F6A1B2C3D49006 /* Release */,
			);
			defaultConfigurationIsVisible = 0;
			defaultConfigurationName = Release;
		};
		A1B2C3D4E5F6A1B2C3D47003 /* Build configuration list for PBXProject "ClaudeShelf" */ = {
			isa = XCConfigurationList;
			buildConfigurations = (
				A1B2C3D4E5F6A1B2C3D49001 /* Debug */,
				A1B2C3D4E5F6A1B2C3D49002 /* Release */,
			);
			defaultConfigurationIsVisible = 0;
			defaultConfigurationName = Release;
		};
/* End XCConfigurationList section */
	};
	rootObject = A1B2C3D4E5F6A1B2C3D4F001 /* Project object */;
}
